
Microsoft Visual Studio Solution File, Format Version 12.00
# Visual Studio 15
VisualStudioVersion = 15.0.27703.2035
MinimumVisualStudioVersion = 10.0.40219.1
Project("{FAE04EC0-301F-11D3-BF4B-00C04F79EFBC}") = "Subtask2", "Subtask2\Subtask2.csproj", "{6735D177-4048-44BC-908C-D3D1B2FBF5F7}"
EndProject
Project("{FAE04EC0-301F-11D3-BF4B-00C04F79EFBC}") = "Subtask1", "Subtask1\Subtask1.csproj", "{4320248A-1CA7-4819-99D4-BBA05B416875}"
EndProject
Global
	GlobalSection(SolutionConfigurationPlatforms) = preSolution
		Debug|Any CPU = Debug|Any CPU
		Release|Any CPU = Release|Any CPU
	EndGlobalSection
	GlobalSection(ProjectConfigurationPlatforms) = postSolution
		{6735D177-4048-44BC-908C-D3D1B2FBF5F7}.Debug|Any CPU.ActiveCfg = Debug|Any CPU
		{6735D177-4048-44BC-908C-D3D1B2FBF5F7}.Debug|Any CPU.Build.0 = Debug|Any CPU
		{6735D177-4048-44BC-908C-D3D1B2FBF5F7}.Release|Any CPU.ActiveCfg = Release|Any CPU
		{6735D177-4048-44BC-908C-D3D1B2FBF5F7}.Release|Any CPU.Build.0 = Release|Any CPU
		{4320248A-1CA7-4819-99D4-BBA05B416875}.Debug|Any CPU.ActiveCfg = Debug|Any CPU
		{4320248A-1CA7-4819-99D4-BBA05B416875}.Debug|Any CPU.Build.0 = Debug|Any CPU
		{4320248A-1CA7-4819-99D4-BBA05B416875}.Release|Any CPU.ActiveCfg = Release|Any CPU
		{4320248A-1CA7-4819-99D4-BBA05B416875}.Release|Any CPU.Build.0 = Release|Any CPU
	EndGlobalSection
	GlobalSection(SolutionProperties) = preSolution
		HideSolutionNode = FALSE
	EndGlobalSection
	GlobalSection(ExtensibilityGlobals) = postSolution
		SolutionGuid = {B716D716-2722-4FCD-9FEE-62741FB9BBB9}
	EndGlobalSection
EndGlobal
